
Microsoft Visual Studio Solution File, Format Version 12.00
# Visual Studio Version 17
VisualStudioVersion = 17.8.34525.116
MinimumVisualStudioVersion = 10.0.40219.1
Project("{FAE04EC0-301F-11D3-BF4B-00C04F79EFBC}") = "AngularApp1.Server", "AngularApp1.Server\AngularApp1.Server.csproj", "{E4F148A3-9BA2-485F-98E8-78525EC519AD}"
EndProject
Project("{54A90642-561A-4BB1-A94E-469ADEE60C69}") = "angularapp1.client", "angularapp1.client\angularapp1.client.esproj", "{D45DE0AD-2306-42EE-8357-7BD4B67E45B9}"
EndProject
Global
	GlobalSection(SolutionConfigurationPlatforms) = preSolution
		Debug|Any CPU = Debug|Any CPU
		Release|Any CPU = Release|Any CPU
	EndGlobalSection
	GlobalSection(ProjectConfigurationPlatforms) = postSolution
		{E4F148A3-9BA2-485F-98E8-78525EC519AD}.Debug|Any CPU.ActiveCfg = Debug|Any CPU
		{E4F148A3-9BA2-485F-98E8-78525EC519AD}.Debug|Any CPU.Build.0 = Debug|Any CPU
		{E4F148A3-9BA2-485F-98E8-78525EC519AD}.Release|Any CPU.ActiveCfg = Release|Any CPU
		{E4F148A3-9BA2-485F-98E8-78525EC519AD}.Release|Any CPU.Build.0 = Release|Any CPU
		{D45DE0AD-2306-42EE-8357-7BD4B67E45B9}.Debug|Any CPU.ActiveCfg = Debug|Any CPU
		{D45DE0AD-2306-42EE-8357-7BD4B67E45B9}.Debug|Any CPU.Build.0 = Debug|Any CPU
		{D45DE0AD-2306-42EE-8357-7BD4B67E45B9}.Debug|Any CPU.Deploy.0 = Debug|Any CPU
		{D45DE0AD-2306-42EE-8357-7BD4B67E45B9}.Release|Any CPU.ActiveCfg = Release|Any CPU
		{D45DE0AD-2306-42EE-8357-7BD4B67E45B9}.Release|Any CPU.Build.0 = Release|Any CPU
		{D45DE0AD-2306-42EE-8357-7BD4B67E45B9}.Release|Any CPU.Deploy.0 = Release|Any CPU
	EndGlobalSection
	GlobalSection(SolutionProperties) = preSolution
		HideSolutionNode = FALSE
	EndGlobalSection
	GlobalSection(ExtensibilityGlobals) = postSolution
		SolutionGuid = {AA4C1833-C3B8-4106-ABA7-DE4A6DB47AA7}
	EndGlobalSection
EndGlobal
